
Microsoft Visual Studio Solution File, Format Version 12.00
# Visual Studio Version 17
VisualStudioVersion = 17.14.37111.16 d17.14
MinimumVisualStudioVersion = 10.0.40219.1
Project("{FAE04EC0-301F-11D3-BF4B-00C04F79EFBC}") = "esListBox", "esListBox.csproj", "{195EC7F8-94E0-4E19-A189-D385997FB79B}"
EndProject
Global
	GlobalSection(SolutionConfigurationPlatforms) = preSolution
		Debug|Any CPU = Debug|Any CPU
		Release|Any CPU = Release|Any CPU
	EndGlobalSection
	GlobalSection(ProjectConfigurationPlatforms) = postSolution
		{195EC7F8-94E0-4E19-A189-D385997FB79B}.Debug|Any CPU.ActiveCfg = Debug|Any CPU
		{195EC7F8-94E0-4E19-A189-D385997FB79B}.Debug|Any CPU.Build.0 = Debug|Any CPU
		{195EC7F8-94E0-4E19-A189-D385997FB79B}.Release|Any CPU.ActiveCfg = Release|Any CPU
		{195EC7F8-94E0-4E19-A189-D385997FB79B}.Release|Any CPU.Build.0 = Release|Any CPU
	EndGlobalSection
	GlobalSection(SolutionProperties) = preSolution
		HideSolutionNode = FALSE
	EndGlobalSection
	GlobalSection(ExtensibilityGlobals) = postSolution
		SolutionGuid = {912B10A0-EB4B-4AC3-9D1A-EAA4D4D312D7}
	EndGlobalSection
EndGlobal
